
Microsoft Visual Studio Solution File, Format Version 12.00
# Visual Studio 15
VisualStudioVersion = 15.0.26124.0
MinimumVisualStudioVersion = 15.0.26124.0
Project("{FAE04EC0-301F-11D3-BF4B-00C04F79EFBC}") = "application", "Api.Application\application.csproj", "{53F707DA-C69A-45BE-9A6F-53FEE7AC7EE1}"
EndProject
Project("{FAE04EC0-301F-11D3-BF4B-00C04F79EFBC}") = "Domain", "Api.Domain\Domain.csproj", "{6FBCCE9C-E610-4D8D-8DE5-1470C697EA8C}"
EndProject
Project("{FAE04EC0-301F-11D3-BF4B-00C04F79EFBC}") = "CrossCutting", "Api.CrossCutting\CrossCutting.csproj", "{C1C727D4-7138-4587-B9AA-3FFAD77D52C3}"
EndProject
Project("{FAE04EC0-301F-11D3-BF4B-00C04F79EFBC}") = "Data", "Api.Data\Data.csproj", "{70E2EFCC-C7D2-4212-9643-1077C7D70329}"
EndProject
Project("{FAE04EC0-301F-11D3-BF4B-00C04F79EFBC}") = "Service", "Api.Service\Service.csproj", "{B12BEAC4-6E38-4860-B8BC-6B2DC9FFFD6E}"
EndProject
Project("{FAE04EC0-301F-11D3-BF4B-00C04F79EFBC}") = "Api.Data.Test", "Api.Data.Test\Api.Data.Test.csproj", "{CBC02BD0-A6E6-434A-A22A-37ACCAB0E04B}"
EndProject
Global
	GlobalSection(SolutionConfigurationPlatforms) = preSolution
		Debug|Any CPU = Debug|Any CPU
		Debug|x64 = Debug|x64
		Debug|x86 = Debug|x86
		Release|Any CPU = Release|Any CPU
		Release|x64 = Release|x64
		Release|x86 = Release|x86
	EndGlobalSection
	GlobalSection(SolutionProperties) = preSolution
		HideSolutionNode = FALSE
	EndGlobalSection
	GlobalSection(ProjectConfigurationPlatforms) = postSolution
		{53F707DA-C69A-45BE-9A6F-53FEE7AC7EE1}.Debug|Any CPU.ActiveCfg = Debug|Any CPU
		{53F707DA-C69A-45BE-9A6F-53FEE7AC7EE1}.Debug|Any CPU.Build.0 = Debug|Any CPU
		{53F707DA-C69A-45BE-9A6F-53FEE7AC7EE1}.Debug|x64.ActiveCfg = Debug|Any CPU
		{53F707DA-C69A-45BE-9A6F-53FEE7AC7EE1}.Debug|x64.Build.0 = Debug|Any CPU
		{53F707DA-C69A-45BE-9A6F-53FEE7AC7EE1}.Debug|x86.ActiveCfg = Debug|Any CPU
		{53F707DA-C69A-45BE-9A6F-53FEE7AC7EE1}.Debug|x86.Build.0 = Debug|Any CPU
		{53F707DA-C69A-45BE-9A6F-53FEE7AC7EE1}.Release|Any CPU.ActiveCfg = Release|Any CPU
		{53F707DA-C69A-45BE-9A6F-53FEE7AC7EE1}.Release|Any CPU.Build.0 = Release|Any CPU
		{53F707DA-C69A-45BE-9A6F-53FEE7AC7EE1}.Release|x64.ActiveCfg = Release|Any CPU
		{53F707DA-C69A-45BE-9A6F-53FEE7AC7EE1}.Release|x64.Build.0 = Release|Any CPU
		{53F707DA-C69A-45BE-9A6F-53FEE7AC7EE1}.Release|x86.ActiveCfg = Release|Any CPU
		{53F707DA-C69A-45BE-9A6F-53FEE7AC7EE1}.Release|x86.Build.0 = Release|Any CPU
		{6FBCCE9C-E610-4D8D-8DE5-1470C697EA8C}.Debug|Any CPU.ActiveCfg = Debug|Any CPU
		{6FBCCE9C-E610-4D8D-8DE5-1470C697EA8C}.Debug|Any CPU.Build.0 = Debug|Any CPU
		{6FBCCE9C-E610-4D8D-8DE5-1470C697EA8C}.Debug|x64.ActiveCfg = Debug|Any CPU
		{6FBCCE9C-E610-4D8D-8DE5-1470C697EA8C}.Debug|x64.Build.0 = Debug|Any CPU
		{6FBCCE9C-E610-4D8D-8DE5-1470C697EA8C}.Debug|x86.ActiveCfg = Debug|Any CPU
		{6FBCCE9C-E610-4D8D-8DE5-1470C697EA8C}.Debug|x86.Build.0 = Debug|Any CPU
		{6FBCCE9C-E610-4D8D-8DE5-1470C697EA8C}.Release|Any CPU.ActiveCfg = Release|Any CPU
		{6FBCCE9C-E610-4D8D-8DE5-1470C697EA8C}.Release|Any CPU.Build.0 = Release|Any CPU
		{6FBCCE9C-E610-4D8D-8DE5-1470C697EA8C}.Release|x64.ActiveCfg = Release|Any CPU
		{6FBCCE9C-E610-4D8D-8DE5-1470C697EA8C}.Release|x64.Build.0 = Release|Any CPU
		{6FBCCE9C-E610-4D8D-8DE5-1470C697EA8C}.Release|x86.ActiveCfg = Release|Any CPU
		{6FBCCE9C-E610-4D8D-8DE5-1470C697EA8C}.Release|x86.Build.0 = Release|Any CPU
		{C1C727D4-7138-4587-B9AA-3FFAD77D52C3}.Debug|Any CPU.ActiveCfg = Debug|Any CPU
		{C1C727D4-7138-4587-B9AA-3FFAD77D52C3}.Debug|Any CPU.Build.0 = Debug|Any CPU
		{C1C727D4-7138-4587-B9AA-3FFAD77D52C3}.Debug|x64.ActiveCfg = Debug|Any CPU
		{C1C727D4-7138-4587-B9AA-3FFAD77D52C3}.Debug|x64.Build.0 = Debug|Any CPU
		{C1C727D4-7138-4587-B9AA-3FFAD77D52C3}.Debug|x86.ActiveCfg = Debug|Any CPU
		{C1C727D4-7138-4587-B9AA-3FFAD77D52C3}.Debug|x86.Build.0 = Debug|Any CPU
		{C1C727D4-7138-4587-B9AA-3FFAD77D52C3}.Release|Any CPU.ActiveCfg = Release|Any CPU
		{C1C727D4-7138-4587-B9AA-3FFAD77D52C3}.Release|Any CPU.Build.0 = Release|Any CPU
		{C1C727D4-7138-4587-B9AA-3FFAD77D52C3}.Release|x64.ActiveCfg = Release|Any CPU
		{C1C727D4-7138-4587-B9AA-3FFAD77D52C3}.Release|x64.Build.0 = Release|Any CPU
		{C1C727D4-7138-4587-B9AA-3FFAD77D52C3}.Release|x86.ActiveCfg = Release|Any CPU
		{C1C727D4-7138-4587-B9AA-3FFAD77D52C3}.Release|x86.Build.0 = Release|Any CPU
		{70E2EFCC-C7D2-4212-9643-1077C7D70329}.Debug|Any CPU.ActiveCfg = Debug|Any CPU
		{70E2EFCC-C7D2-4212-9643-1077C7D70329}.Debug|Any CPU.Build.0 = Debug|Any CPU
		{70E2EFCC-C7D2-4212-9643-1077C7D70329}.Debug|x64.ActiveCfg = Debug|Any CPU
		{70E2EFCC-C7D2-4212-9643-1077C7D70329}.Debug|x64.Build.0 = Debug|Any CPU
		{70E2EFCC-C7D2-4212-9643-1077C7D70329}.Debug|x86.ActiveCfg = Debug|Any CPU
		{70E2EFCC-C7D2-4212-9643-1077C7D70329}.Debug|x86.Build.0 = Debug|Any CPU
		{70E2EFCC-C7D2-4212-9643-1077C7D70329}.Release|Any CPU.ActiveCfg = Release|Any CPU
		{70E2EFCC-C7D2-4212-9643-1077C7D70329}.Release|Any CPU.Build.0 = Release|Any CPU
		{70E2EFCC-C7D2-4212-9643-1077C7D70329}.Release|x64.ActiveCfg = Release|Any CPU
		{70E2EFCC-C7D2-4212-9643-1077C7D70329}.Release|x64.Build.0 = Release|Any CPU
		{70E2EFCC-C7D2-4212-9643-1077C7D70329}.Release|x86.ActiveCfg = Release|Any CPU
		{70E2EFCC-C7D2-4212-9643-1077C7D70329}.Release|x86.Build.0 = Release|Any CPU
		{B12BEAC4-6E38-4860-B8BC-6B2DC9FFFD6E}.Debug|Any CPU.ActiveCfg = Debug|Any CPU
		{B12BEAC4-6E38-4860-B8BC-6B2DC9FFFD6E}.Debug|Any CPU.Build.0 = Debug|Any CPU
		{B12BEAC4-6E38-4860-B8BC-6B2DC9FFFD6E}.Debug|x64.ActiveCfg = Debug|Any CPU
		{B12BEAC4-6E38-4860-B8BC-6B2DC9FFFD6E}.Debug|x64.Build.0 = Debug|Any CPU
		{B12BEAC4-6E38-4860-B8BC-6B2DC9FFFD6E}.Debug|x86.ActiveCfg = Debug|Any CPU
		{B12BEAC4-6E38-4860-B8BC-6B2DC9FFFD6E}.Debug|x86.Build.0 = Debug|Any CPU
		{B12BEAC4-6E38-4860-B8BC-6B2DC9FFFD6E}.Release|Any CPU.ActiveCfg = Release|Any CPU
		{B12BEAC4-6E38-4860-B8BC-6B2DC9FFFD6E}.Release|Any CPU.Build.0 = Release|Any CPU
		{B12BEAC4-6E38-4860-B8BC-6B2DC9FFFD6E}.Release|x64.ActiveCfg = Release|Any CPU
		{B12BEAC4-6E38-4860-B8BC-6B2DC9FFFD6E}.Release|x64.Build.0 = Release|Any CPU
		{B12BEAC4-6E38-4860-B8BC-6B2DC9FFFD6E}.Release|x86.ActiveCfg = Release|Any CPU
		{B12BEAC4-6E38-4860-B8BC-6B2DC9FFFD6E}.Release|x86.Build.0 = Release|Any CPU
		{CBC02BD0-A6E6-434A-A22A-37ACCAB0E04B}.Debug|Any CPU.ActiveCfg = Debug|Any CPU
		{CBC02BD0-A6E6-434A-A22A-37ACCAB0E04B}.Debug|Any CPU.Build.0 = Debug|Any CPU
		{CBC02BD0-A6E6-434A-A22A-37ACCAB0E04B}.Debug|x64.ActiveCfg = Debug|Any CPU
		{CBC02BD0-A6E6-434A-A22A-37ACCAB0E04B}.Debug|x64.Build.0 = Debug|Any CPU
		{CBC02BD0-A6E6-434A-A22A-37ACCAB0E04B}.Debug|x86.ActiveCfg = Debug|Any CPU
		{CBC02BD0-A6E6-434A-A22A-37ACCAB0E04B}.Debug|x86.Build.0 = Debug|Any CPU
		{CBC02BD0-A6E6-434A-A22A-37ACCAB0E04B}.Release|Any CPU.ActiveCfg = Release|Any CPU
		{CBC02BD0-A6E6-434A-A22A-37ACCAB0E04B}.Release|Any CPU.Build.0 = Release|Any CPU
		{CBC02BD0-A6E6-434A-A22A-37ACCAB0E04B}.Release|x64.ActiveCfg = Release|Any CPU
		{CBC02BD0-A6E6-434A-A22A-37ACCAB0E04B}.Release|x64.Build.0 = Release|Any CPU
		{CBC02BD0-A6E6-434A-A22A-37ACCAB0E04B}.Release|x86.ActiveCfg = Release|Any CPU
		{CBC02BD0-A6E6-434A-A22A-37ACCAB0E04B}.Release|x86.Build.0 = Release|Any CPU
	EndGlobalSection
EndGlobal
